
Microsoft Visual Studio Solution File, Format Version 12.00
# Visual Studio 2012
Project("{f2a71f9b-5d33-465a-a702-920d77279786}") = "ConwayLife3D", "ConwayLife3D.fsproj", "{FEFD7E40-5A9D-4FE4-BB19-1F16FA33A38C}"
EndProject
Global
	GlobalSection(SolutionConfigurationPlatforms) = preSolution
		Debug|Any CPU = Debug|Any CPU
		Release|Any CPU = Release|Any CPU
	EndGlobalSection
	GlobalSection(ProjectConfigurationPlatforms) = postSolution
		{FEFD7E40-5A9D-4FE4-BB19-1F16FA33A38C}.Debug|Any CPU.ActiveCfg = Debug|Any CPU
		{FEFD7E40-5A9D-4FE4-BB19-1F16FA33A38C}.Debug|Any CPU.Build.0 = Debug|Any CPU
		{FEFD7E40-5A9D-4FE4-BB19-1F16FA33A38C}.Release|Any CPU.ActiveCfg = Release|Any CPU
		{FEFD7E40-5A9D-4FE4-BB19-1F16FA33A38C}.Release|Any CPU.Build.0 = Release|Any CPU
	EndGlobalSection
EndGlobal
